
Microsoft Visual Studio Solution File, Format Version 12.00
Project("{FAE04EC0-301F-11D3-BF4B-00C04F79EFBC}") = "api-a", "api-a\api-a.csproj", "{129FA90A-F963-4A9D-8DA1-3E298E9D8F1A}"
EndProject
Global
	GlobalSection(SolutionConfigurationPlatforms) = preSolution
		Debug|Any CPU = Debug|Any CPU
		Release|Any CPU = Release|Any CPU
	EndGlobalSection
	GlobalSection(ProjectConfigurationPlatforms) = postSolution
		{129FA90A-F963-4A9D-8DA1-3E298E9D8F1A}.Debug|Any CPU.ActiveCfg = Debug|Any CPU
		{129FA90A-F963-4A9D-8DA1-3E298E9D8F1A}.Debug|Any CPU.Build.0 = Debug|Any CPU
		{129FA90A-F963-4A9D-8DA1-3E298E9D8F1A}.Release|Any CPU.ActiveCfg = Release|Any CPU
		{129FA90A-F963-4A9D-8DA1-3E298E9D8F1A}.Release|Any CPU.Build.0 = Release|Any CPU
	EndGlobalSection
EndGlobal
